Microsoft Visual Studio Solution File, Format Version 12.00
# Visual Studio Version 17
VisualStudioVersion = 17.5.2.0
MinimumVisualStudioVersion = 10.0.40219.1
Project("{2150E333-8FDC-42A3-9474-1A3956D46DE8}") = "NarsApi - CC", "NarsApi - CC", "{C295680F-EBB6-5488-2439-7539639C473B}"
EndProject
Project("{FAE04EC0-301F-11D3-BF4B-00C04F79EFBC}") = "NarsApi", "NarsApi - CC\NarsApi\NarsApi.csproj", "{4F698976-E699-1078-9BF1-815DE8E80472}"
EndProject
Global
	GlobalSection(SolutionConfigurationPlatforms) = preSolution
		Debug|Any CPU = Debug|Any CPU
		Release|Any CPU = Release|Any CPU
	EndGlobalSection
	GlobalSection(ProjectConfigurationPlatforms) = postSolution
		{4F698976-E699-1078-9BF1-815DE8E80472}.Debug|Any CPU.ActiveCfg = Debug|Any CPU
		{4F698976-E699-1078-9BF1-815DE8E80472}.Debug|Any CPU.Build.0 = Debug|Any CPU
		{4F698976-E699-1078-9BF1-815DE8E80472}.Release|Any CPU.ActiveCfg = Release|Any CPU
		{4F698976-E699-1078-9BF1-815DE8E80472}.Release|Any CPU.Build.0 = Release|Any CPU
	EndGlobalSection
	GlobalSection(SolutionProperties) = preSolution
		HideSolutionNode = FALSE
	EndGlobalSection
	GlobalSection(NestedProjects) = preSolution
		{4F698976-E699-1078-9BF1-815DE8E80472} = {C295680F-EBB6-5488-2439-7539639C473B}
	EndGlobalSection
	GlobalSection(ExtensibilityGlobals) = postSolution
		SolutionGuid = {53A97CA3-6D0E-4C13-B7EC-031B7A66E7A8}
	EndGlobalSection
EndGlobal
