
Microsoft Visual Studio Solution File, Format Version 12.00
# Visual Studio Version 17
VisualStudioVersion = 17.5.2.0
MinimumVisualStudioVersion = 10.0.40219.1
Project("{2150E333-8FDC-42A3-9474-1A3956D46DE8}") = "NARS", "NARS", "{F1D8D126-8964-382C-A819-2E64EB0CD811}"
EndProject
Project("{2150E333-8FDC-42A3-9474-1A3956D46DE8}") = "NARS.Tests", "NARS.Tests", "{F496842F-DC0F-3106-FE5D-A2C0C995F664}"
EndProject
Project("{FAE04EC0-301F-11D3-BF4B-00C04F79EFBC}") = "NarsApi", "NARS\NarsApi.csproj", "{3FDCC5FC-16D0-F712-1583-791DA28198DB}"
EndProject
Project("{FAE04EC0-301F-11D3-BF4B-00C04F79EFBC}") = "NarsApi.Tests", "NARS.Tests\NarsApi.Tests.csproj", "{B5CFA355-CE0D-3BB1-DF65-760C04B71DE3}"
EndProject
Global
	GlobalSection(SolutionConfigurationPlatforms) = preSolution
		Debug|Any CPU = Debug|Any CPU
		Debug|x64 = Debug|x64
		Debug|x86 = Debug|x86
		Release|Any CPU = Release|Any CPU
		Release|x64 = Release|x64
		Release|x86 = Release|x86
	EndGlobalSection
	GlobalSection(ProjectConfigurationPlatforms) = postSolution
		{3FDCC5FC-16D0-F712-1583-791DA28198DB}.Debug|Any CPU.ActiveCfg = Debug|Any CPU
		{3FDCC5FC-16D0-F712-1583-791DA28198DB}.Debug|Any CPU.Build.0 = Debug|Any CPU
		{3FDCC5FC-16D0-F712-1583-791DA28198DB}.Debug|x64.ActiveCfg = Debug|Any CPU
		{3FDCC5FC-16D0-F712-1583-791DA28198DB}.Debug|x64.Build.0 = Debug|Any CPU
		{3FDCC5FC-16D0-F712-1583-791DA28198DB}.Debug|x86.ActiveCfg = Debug|Any CPU
		{3FDCC5FC-16D0-F712-1583-791DA28198DB}.Debug|x86.Build.0 = Debug|Any CPU
		{3FDCC5FC-16D0-F712-1583-791DA28198DB}.Release|Any CPU.ActiveCfg = Release|Any CPU
		{3FDCC5FC-16D0-F712-1583-791DA28198DB}.Release|Any CPU.Build.0 = Release|Any CPU
		{3FDCC5FC-16D0-F712-1583-791DA28198DB}.Release|x64.ActiveCfg = Release|x64
		{3FDCC5FC-16D0-F712-1583-791DA28198DB}.Release|x64.Build.0 = Release|x64
		{3FDCC5FC-16D0-F712-1583-791DA28198DB}.Release|x86.ActiveCfg = Release|x86
		{3FDCC5FC-16D0-F712-1583-791DA28198DB}.Release|x86.Build.0 = Release|x86
		{B5CFA355-CE0D-3BB1-DF65-760C04B71DE3}.Debug|Any CPU.ActiveCfg = Debug|Any CPU
		{B5CFA355-CE0D-3BB1-DF65-760C04B71DE3}.Debug|Any CPU.Build.0 = Debug|Any CPU
		{B5CFA355-CE0D-3BB1-DF65-760C04B71DE3}.Debug|x64.ActiveCfg = Debug|x64
		{B5CFA355-CE0D-3BB1-DF65-760C04B71DE3}.Debug|x64.Build.0 = Debug|x64
		{B5CFA355-CE0D-3BB1-DF65-760C04B71DE3}.Debug|x86.ActiveCfg = Debug|x86
		{B5CFA355-CE0D-3BB1-DF65-760C04B71DE3}.Debug|x86.Build.0 = Debug|x86
		{B5CFA355-CE0D-3BB1-DF65-760C04B71DE3}.Release|Any CPU.ActiveCfg = Release|Any CPU
		{B5CFA355-CE0D-3BB1-DF65-760C04B71DE3}.Release|Any CPU.Build.0 = Release|Any CPU
		{B5CFA355-CE0D-3BB1-DF65-760C04B71DE3}.Release|x64.ActiveCfg = Release|x64
		{B5CFA355-CE0D-3BB1-DF65-760C04B71DE3}.Release|x64.Build.0 = Release|x64
		{B5CFA355-CE0D-3BB1-DF65-760C04B71DE3}.Release|x86.ActiveCfg = Release|x86
		{B5CFA355-CE0D-3BB1-DF65-760C04B71DE3}.Release|x86.Build.0 = Release|x86
	EndGlobalSection
	GlobalSection(SolutionProperties) = preSolution
		HideSolutionNode = FALSE
	EndGlobalSection
	GlobalSection(NestedProjects) = preSolution
		{3FDCC5FC-16D0-F712-1583-791DA28198DB} = {F1D8D126-8964-382C-A819-2E64EB0CD811}
		{B5CFA355-CE0D-3BB1-DF65-760C04B71DE3} = {F496842F-DC0F-3106-FE5D-A2C0C995F664}
	EndGlobalSection
	GlobalSection(ExtensibilityGlobals) = postSolution
		SolutionGuid = {0CD03FC8-FD41-4158-B7AA-CD6C20D86199}
	EndGlobalSection
EndGlobal
